
Microsoft Visual Studio Solution File, Format Version 12.00
Project("{2150E333-8FDC-42A3-9474-1A3956D46DE8}") = "src", "src", "{A8224BCB-17EB-46BE-8BCD-36E2986B061F}"
EndProject
Project("{2150E333-8FDC-42A3-9474-1A3956D46DE8}") = "tests", "tests", "{B1BE82CE-FE0E-44AE-A97A-BD95107DA9C6}"
EndProject
Project("{2150E333-8FDC-42A3-9474-1A3956D46DE8}") = "Core", "Core", "{B9DA4498-F66E-4538-B8ED-BEA1EB6994D1}"
EndProject
Project("{2150E333-8FDC-42A3-9474-1A3956D46DE8}") = "Infrastructure", "Infrastructure", "{CCA644EB-BE5B-4708-A73C-937F6AB194CF}"
EndProject
Project("{2150E333-8FDC-42A3-9474-1A3956D46DE8}") = "Presentation", "Presentation", "{B383858B-D61A-4C6B-9FA6-90194B34E486}"
EndProject
Project("{FAE04EC0-301F-11D3-BF4B-00C04F79EFBC}") = "JobSearch.Domain", "src\Core\JobSearch.Domain\JobSearch.Domain.csproj", "{B13DB792-98BF-479F-8515-7B79A6B0BABD}"
EndProject
Project("{FAE04EC0-301F-11D3-BF4B-00C04F79EFBC}") = "JobSearch.Application", "src\Core\JobSearch.Application\JobSearch.Application.csproj", "{5D839AFF-AC93-46DB-BE5A-8699577D1C98}"
EndProject
Project("{FAE04EC0-301F-11D3-BF4B-00C04F79EFBC}") = "JobSearch.Infrastructure", "src\Infrastructure\JobSearch.Infrastructure\JobSearch.Infrastructure.csproj", "{03AF188C-E962-4445-BD8D-3287913D9E2C}"
EndProject
Project("{FAE04EC0-301F-11D3-BF4B-00C04F79EFBC}") = "JobSearch.Persistence", "src\Infrastructure\JobSearch.Persistence\JobSearch.Persistence.csproj", "{64DEE7E0-CFD1-4839-9FF2-932A1BC4386E}"
EndProject
Project("{FAE04EC0-301F-11D3-BF4B-00C04F79EFBC}") = "JobSearch.WebAPI", "src\Presentation\JobSearch.WebAPI\JobSearch.WebAPI.csproj", "{F413AD08-9455-407B-ADDD-0FB244BDD2FB}"
EndProject
Project("{FAE04EC0-301F-11D3-BF4B-00C04F79EFBC}") = "JobSearch.UnitTests", "tests\JobSearch.UnitTests\JobSearch.UnitTests.csproj", "{A69B755D-C495-4E33-8168-36F5840F8219}"
EndProject
Global
	GlobalSection(SolutionConfigurationPlatforms) = preSolution
		Debug|Any CPU = Debug|Any CPU
		Release|Any CPU = Release|Any CPU
	EndGlobalSection
	GlobalSection(NestedProjects) = preSolution
		{B9DA4498-F66E-4538-B8ED-BEA1EB6994D1} = {A8224BCB-17EB-46BE-8BCD-36E2986B061F}
		{CCA644EB-BE5B-4708-A73C-937F6AB194CF} = {A8224BCB-17EB-46BE-8BCD-36E2986B061F}
		{B383858B-D61A-4C6B-9FA6-90194B34E486} = {A8224BCB-17EB-46BE-8BCD-36E2986B061F}
		{B13DB792-98BF-479F-8515-7B79A6B0BABD} = {B9DA4498-F66E-4538-B8ED-BEA1EB6994D1}
		{5D839AFF-AC93-46DB-BE5A-8699577D1C98} = {B9DA4498-F66E-4538-B8ED-BEA1EB6994D1}
		{03AF188C-E962-4445-BD8D-3287913D9E2C} = {CCA644EB-BE5B-4708-A73C-937F6AB194CF}
		{64DEE7E0-CFD1-4839-9FF2-932A1BC4386E} = {CCA644EB-BE5B-4708-A73C-937F6AB194CF}
		{F413AD08-9455-407B-ADDD-0FB244BDD2FB} = {B383858B-D61A-4C6B-9FA6-90194B34E486}
		{A69B755D-C495-4E33-8168-36F5840F8219} = {B1BE82CE-FE0E-44AE-A97A-BD95107DA9C6}
	EndGlobalSection
	GlobalSection(ProjectConfigurationPlatforms) = postSolution
		{B13DB792-98BF-479F-8515-7B79A6B0BABD}.Debug|Any CPU.ActiveCfg = Debug|Any CPU
		{B13DB792-98BF-479F-8515-7B79A6B0BABD}.Debug|Any CPU.Build.0 = Debug|Any CPU
		{B13DB792-98BF-479F-8515-7B79A6B0BABD}.Release|Any CPU.ActiveCfg = Release|Any CPU
		{B13DB792-98BF-479F-8515-7B79A6B0BABD}.Release|Any CPU.Build.0 = Release|Any CPU
		{5D839AFF-AC93-46DB-BE5A-8699577D1C98}.Debug|Any CPU.ActiveCfg = Debug|Any CPU
		{5D839AFF-AC93-46DB-BE5A-8699577D1C98}.Debug|Any CPU.Build.0 = Debug|Any CPU
		{5D839AFF-AC93-46DB-BE5A-8699577D1C98}.Release|Any CPU.ActiveCfg = Release|Any CPU
		{5D839AFF-AC93-46DB-BE5A-8699577D1C98}.Release|Any CPU.Build.0 = Release|Any CPU
		{03AF188C-E962-4445-BD8D-3287913D9E2C}.Debug|Any CPU.ActiveCfg = Debug|Any CPU
		{03AF188C-E962-4445-BD8D-3287913D9E2C}.Debug|Any CPU.Build.0 = Debug|Any CPU
		{03AF188C-E962-4445-BD8D-3287913D9E2C}.Release|Any CPU.ActiveCfg = Release|Any CPU
		{03AF188C-E962-4445-BD8D-3287913D9E2C}.Release|Any CPU.Build.0 = Release|Any CPU
		{64DEE7E0-CFD1-4839-9FF2-932A1BC4386E}.Debug|Any CPU.ActiveCfg = Debug|Any CPU
		{64DEE7E0-CFD1-4839-9FF2-932A1BC4386E}.Debug|Any CPU.Build.0 = Debug|Any CPU
		{64DEE7E0-CFD1-4839-9FF2-932A1BC4386E}.Release|Any CPU.ActiveCfg = Release|Any CPU
		{64DEE7E0-CFD1-4839-9FF2-932A1BC4386E}.Release|Any CPU.Build.0 = Release|Any CPU
		{F413AD08-9455-407B-ADDD-0FB244BDD2FB}.Debug|Any CPU.ActiveCfg = Debug|Any CPU
		{F413AD08-9455-407B-ADDD-0FB244BDD2FB}.Debug|Any CPU.Build.0 = Debug|Any CPU
		{F413AD08-9455-407B-ADDD-0FB244BDD2FB}.Release|Any CPU.ActiveCfg = Release|Any CPU
		{F413AD08-9455-407B-ADDD-0FB244BDD2FB}.Release|Any CPU.Build.0 = Release|Any CPU
		{A69B755D-C495-4E33-8168-36F5840F8219}.Debug|Any CPU.ActiveCfg = Debug|Any CPU
		{A69B755D-C495-4E33-8168-36F5840F8219}.Debug|Any CPU.Build.0 = Debug|Any CPU
		{A69B755D-C495-4E33-8168-36F5840F8219}.Release|Any CPU.ActiveCfg = Release|Any CPU
		{A69B755D-C495-4E33-8168-36F5840F8219}.Release|Any CPU.Build.0 = Release|Any CPU
	EndGlobalSection
EndGlobal
